
Microsoft Visual Studio Solution File, Format Version 12.00
# Visual Studio Version 17
VisualStudioVersion = 17.8.34408.163
MinimumVisualStudioVersion = 10.0.40219.1
Project("{FAE04EC0-301F-11D3-BF4B-00C04F79EFBC}") = "AutomationListUI", "AutomationListUI\AutomationListUI.csproj", "{244440EA-6024-46AA-9AD4-7C27666848C5}"
EndProject
Project("{FAE04EC0-301F-11D3-BF4B-00C04F79EFBC}") = "AutomationListLibrary", "AutomationListLibrary\AutomationListLibrary.csproj", "{3C7B7FEF-B71B-4E4C-9694-B7A77CB4D9BC}"
EndProject
Global
	GlobalSection(SolutionConfigurationPlatforms) = preSolution
		Debug|Any CPU = Debug|Any CPU
		Release|Any CPU = Release|Any CPU
	EndGlobalSection
	GlobalSection(ProjectConfigurationPlatforms) = postSolution
		{244440EA-6024-46AA-9AD4-7C27666848C5}.Debug|Any CPU.ActiveCfg = Debug|Any CPU
		{244440EA-6024-46AA-9AD4-7C27666848C5}.Debug|Any CPU.Build.0 = Debug|Any CPU
		{244440EA-6024-46AA-9AD4-7C27666848C5}.Release|Any CPU.ActiveCfg = Release|Any CPU
		{244440EA-6024-46AA-9AD4-7C27666848C5}.Release|Any CPU.Build.0 = Release|Any CPU
		{3C7B7FEF-B71B-4E4C-9694-B7A77CB4D9BC}.Debug|Any CPU.ActiveCfg = Debug|Any CPU
		{3C7B7FEF-B71B-4E4C-9694-B7A77CB4D9BC}.Debug|Any CPU.Build.0 = Debug|Any CPU
		{3C7B7FEF-B71B-4E4C-9694-B7A77CB4D9BC}.Release|Any CPU.ActiveCfg = Release|Any CPU
		{3C7B7FEF-B71B-4E4C-9694-B7A77CB4D9BC}.Release|Any CPU.Build.0 = Release|Any CPU
	EndGlobalSection
	GlobalSection(SolutionProperties) = preSolution
		HideSolutionNode = FALSE
	EndGlobalSection
	GlobalSection(ExtensibilityGlobals) = postSolution
		SolutionGuid = {F874B697-C0A2-4538-88D8-732DD9B74C34}
	EndGlobalSection
EndGlobal
