
Microsoft Visual Studio Solution File, Format Version 12.00
# Visual Studio Version 17
VisualStudioVersion = 17.8.34408.163
MinimumVisualStudioVersion = 10.0.40219.1
Project("{FAE04EC0-301F-11D3-BF4B-00C04F79EFBC}") = "AutomationSystem", "AutomationSystem\AutomationSystem.csproj", "{A1CB6A20-78EF-42B6-B64F-0C67190781CC}"
EndProject
Global
	GlobalSection(SolutionConfigurationPlatforms) = preSolution
		Debug|Any CPU = Debug|Any CPU
		Release|Any CPU = Release|Any CPU
	EndGlobalSection
	GlobalSection(ProjectConfigurationPlatforms) = postSolution
		{A1CB6A20-78EF-42B6-B64F-0C67190781CC}.Debug|Any CPU.ActiveCfg = Debug|Any CPU
		{A1CB6A20-78EF-42B6-B64F-0C67190781CC}.Debug|Any CPU.Build.0 = Debug|Any CPU
		{A1CB6A20-78EF-42B6-B64F-0C67190781CC}.Release|Any CPU.ActiveCfg = Release|Any CPU
		{A1CB6A20-78EF-42B6-B64F-0C67190781CC}.Release|Any CPU.Build.0 = Release|Any CPU
	EndGlobalSection
	GlobalSection(SolutionProperties) = preSolution
		HideSolutionNode = FALSE
	EndGlobalSection
	GlobalSection(ExtensibilityGlobals) = postSolution
		SolutionGuid = {A5E42AD6-82FF-445D-A6CE-953DD516A3EB}
	EndGlobalSection
EndGlobal
